
Microsoft Visual Studio Solution File, Format Version 12.00
# Visual Studio Version 17
VisualStudioVersion = 17.0.32014.148
MinimumVisualStudioVersion = 10.0.40219.1
Project("{FAE04EC0-301F-11D3-BF4B-00C04F79EFBC}") = "demoapp", "demoapp\demoapp.csproj", "{AF4E27CD-5350-41C0-8852-EAC05DCBA473}"
EndProject
Global
	GlobalSection(SolutionConfigurationPlatforms) = preSolution
		Debug|Any CPU = Debug|Any CPU
		Release|Any CPU = Release|Any CPU
	EndGlobalSection
	GlobalSection(ProjectConfigurationPlatforms) = postSolution
		{AF4E27CD-5350-41C0-8852-EAC05DCBA473}.Debug|Any CPU.ActiveCfg = Debug|Any CPU
		{AF4E27CD-5350-41C0-8852-EAC05DCBA473}.Debug|Any CPU.Build.0 = Debug|Any CPU
		{AF4E27CD-5350-41C0-8852-EAC05DCBA473}.Release|Any CPU.ActiveCfg = Release|Any CPU
		{AF4E27CD-5350-41C0-8852-EAC05DCBA473}.Release|Any CPU.Build.0 = Release|Any CPU
	EndGlobalSection
	GlobalSection(SolutionProperties) = preSolution
		HideSolutionNode = FALSE
	EndGlobalSection
	GlobalSection(ExtensibilityGlobals) = postSolution
		SolutionGuid = {EF7D5549-CFC5-4E92-9866-F2C71873EF0D}
	EndGlobalSection
EndGlobal
